
Microsoft Visual Studio Solution File, Format Version 12.00
# Visual Studio Version 17
VisualStudioVersion = 17.10.34928.147
MinimumVisualStudioVersion = 10.0.40219.1
Project("{9A19103F-16F7-4668-BE54-9A1E7A4F7556}") = "BlurFileFormats", "BlurFileFormats.csproj", "{233F812C-FE01-482A-964F-60CF7A0B8754}"
EndProject
Project("{FAE04EC0-301F-11D3-BF4B-00C04F79EFBC}") = "BlurFileFormatTester", "..\BlurFileFormatTester\BlurFileFormatTester.csproj", "{5ED6D5E4-DF6D-4B62-9F82-C0DB5A4A4DD3}"
EndProject
Global
	GlobalSection(SolutionConfigurationPlatforms) = preSolution
		Debug|Any CPU = Debug|Any CPU
		Release|Any CPU = Release|Any CPU
	EndGlobalSection
	GlobalSection(ProjectConfigurationPlatforms) = postSolution
		{233F812C-FE01-482A-964F-60CF7A0B8754}.Debug|Any CPU.ActiveCfg = Debug|Any CPU
		{233F812C-FE01-482A-964F-60CF7A0B8754}.Debug|Any CPU.Build.0 = Debug|Any CPU
		{233F812C-FE01-482A-964F-60CF7A0B8754}.Release|Any CPU.ActiveCfg = Release|Any CPU
		{233F812C-FE01-482A-964F-60CF7A0B8754}.Release|Any CPU.Build.0 = Release|Any CPU
		{5ED6D5E4-DF6D-4B62-9F82-C0DB5A4A4DD3}.Debug|Any CPU.ActiveCfg = Debug|Any CPU
		{5ED6D5E4-DF6D-4B62-9F82-C0DB5A4A4DD3}.Debug|Any CPU.Build.0 = Debug|Any CPU
		{5ED6D5E4-DF6D-4B62-9F82-C0DB5A4A4DD3}.Release|Any CPU.ActiveCfg = Release|Any CPU
		{5ED6D5E4-DF6D-4B62-9F82-C0DB5A4A4DD3}.Release|Any CPU.Build.0 = Release|Any CPU
	EndGlobalSection
	GlobalSection(SolutionProperties) = preSolution
		HideSolutionNode = FALSE
	EndGlobalSection
	GlobalSection(ExtensibilityGlobals) = postSolution
		SolutionGuid = {5E9E44E1-FF3E-46DF-B729-908D9ABB00BD}
	EndGlobalSection
EndGlobal
